
Microsoft Visual Studio Solution File, Format Version 12.00
# Visual Studio 15
VisualStudioVersion = 15.0.27703.2047
MinimumVisualStudioVersion = 10.0.40219.1
Project("{FAE04EC0-301F-11D3-BF4B-00C04F79EFBC}") = "Usb", "Usb\Usb.csproj", "{90980CBA-3720-4293-B58E-53F75EA3ECFA}"
EndProject
Project("{FAE04EC0-301F-11D3-BF4B-00C04F79EFBC}") = "Sandbox", "Sandbox\Sandbox.csproj", "{CE47348E-D8B2-4652-A822-6B3AED5E64E6}"
EndProject
Project("{FAE04EC0-301F-11D3-BF4B-00C04F79EFBC}") = "NestorMsxPlugin", "NestorMsxPlugin\NestorMsxPlugin.csproj", "{D64CA3D0-5A50-47C9-9BA5-A53C5AD26600}"
EndProject
Project("{2150E333-8FDC-42A3-9474-1A3956D46DE8}") = "Solution Items", "Solution Items", "{56E155AD-77DA-46C8-BE70-2B16DE66209B}"
	ProjectSection(SolutionItems) = preProject
		OpcClientLibrary.dll = OpcClientLibrary.dll
		OpcClientLibrary.pdb = OpcClientLibrary.pdb
	EndProjectSection
EndProject
Global
	GlobalSection(SolutionConfigurationPlatforms) = preSolution
		Debug|Any CPU = Debug|Any CPU
		Release|Any CPU = Release|Any CPU
	EndGlobalSection
	GlobalSection(ProjectConfigurationPlatforms) = postSolution
		{90980CBA-3720-4293-B58E-53F75EA3ECFA}.Debug|Any CPU.ActiveCfg = Debug|Any CPU
		{90980CBA-3720-4293-B58E-53F75EA3ECFA}.Debug|Any CPU.Build.0 = Debug|Any CPU
		{90980CBA-3720-4293-B58E-53F75EA3ECFA}.Release|Any CPU.ActiveCfg = Release|Any CPU
		{90980CBA-3720-4293-B58E-53F75EA3ECFA}.Release|Any CPU.Build.0 = Release|Any CPU
		{CE47348E-D8B2-4652-A822-6B3AED5E64E6}.Debug|Any CPU.ActiveCfg = Debug|Any CPU
		{CE47348E-D8B2-4652-A822-6B3AED5E64E6}.Debug|Any CPU.Build.0 = Debug|Any CPU
		{CE47348E-D8B2-4652-A822-6B3AED5E64E6}.Release|Any CPU.ActiveCfg = Release|Any CPU
		{CE47348E-D8B2-4652-A822-6B3AED5E64E6}.Release|Any CPU.Build.0 = Release|Any CPU
		{D64CA3D0-5A50-47C9-9BA5-A53C5AD26600}.Debug|Any CPU.ActiveCfg = Debug|Any CPU
		{D64CA3D0-5A50-47C9-9BA5-A53C5AD26600}.Debug|Any CPU.Build.0 = Debug|Any CPU
		{D64CA3D0-5A50-47C9-9BA5-A53C5AD26600}.Release|Any CPU.ActiveCfg = Release|Any CPU
		{D64CA3D0-5A50-47C9-9BA5-A53C5AD26600}.Release|Any CPU.Build.0 = Release|Any CPU
	EndGlobalSection
	GlobalSection(SolutionProperties) = preSolution
		HideSolutionNode = FALSE
	EndGlobalSection
	GlobalSection(ExtensibilityGlobals) = postSolution
		SolutionGuid = {F3281660-2E78-4E15-9BCA-146BBC20B72C}
	EndGlobalSection
EndGlobal
